{
  "name": "js-utils",
  "version": "1.0.0",
  "lockfileVersion": 1,
  "requires": true,
  "dependencies": {
    "lodash": {
      "version": "4.17.21",
      "resolved": "https://0x3f.modao.cc/docker-nexus/repository/npm/lodash/-/lodash-4.17.21.tgz",
      "integrity": "sha1-Z5WRxWTDv/quhFTPCz3zcMPWkRw="
    },
    "moment": {
      "version": "2.29.1",
      "resolved": "https://0x3f.modao.cc/docker-nexus/repository/npm/moment/-/moment-2.29.1.tgz",
      "integrity": "sha1-sr52n6MZQL6e7qZGnAdeNQBvo9M="
    }
  }
}
